
Microsoft Visual Studio Solution File, Format Version 12.00
# Visual Studio Version 16
VisualStudioVersion = 16.0.30907.101
MinimumVisualStudioVersion = 10.0.40219.1
Project("{FAE04EC0-301F-11D3-BF4B-00C04F79EFBC}") = "BowlingLeague", "BowlingLeague.csproj", "{42E5BBC3-911E-4A3E-A7AD-54BC764FC2C3}"
EndProject
Global
	GlobalSection(SolutionConfigurationPlatforms) = preSolution
		Debug|Any CPU = Debug|Any CPU
		Release|Any CPU = Release|Any CPU
	EndGlobalSection
	GlobalSection(ProjectConfigurationPlatforms) = postSolution
		{42E5BBC3-911E-4A3E-A7AD-54BC764FC2C3}.Debug|Any CPU.ActiveCfg = Debug|Any CPU
		{42E5BBC3-911E-4A3E-A7AD-54BC764FC2C3}.Debug|Any CPU.Build.0 = Debug|Any CPU
		{42E5BBC3-911E-4A3E-A7AD-54BC764FC2C3}.Release|Any CPU.ActiveCfg = Release|Any CPU
		{42E5BBC3-911E-4A3E-A7AD-54BC764FC2C3}.Release|Any CPU.Build.0 = Release|Any CPU
	EndGlobalSection
	GlobalSection(SolutionProperties) = preSolution
		HideSolutionNode = FALSE
	EndGlobalSection
	GlobalSection(ExtensibilityGlobals) = postSolution
		SolutionGuid = {FA14B86B-0424-4406-86B6-62F07F5CA12A}
	EndGlobalSection
EndGlobal
